{
  "originHash" : "c3d0c4bfad3d949d639a52e105cacd6ee4101f1aa81491e99e74be3633ba013a",
  "pins" : [
    {
      "identity" : "wweventsource",
      "kind" : "remoteSourceControl",
      "location" : "https://github.com/William-Weng/WWEventSource",
      "state" : {
        "revision" : "20972ae24aeb644da1f4d1464149163e7e35b3fa",
        "version" : "1.3.0"
      }
    },
    {
      "identity" : "wwhud",
      "kind" : "remoteSourceControl",
      "location" : "https://github.com/William-Weng/WWHUD",
      "state" : {
        "revision" : "eb99ab96183c0aba10be35bf747f388ef8c4b50e",
        "version" : "1.3.1"
      }
    },
    {
      "identity" : "wwnetworking",
      "kind" : "remoteSourceControl",
      "location" : "https://github.com/William-Weng/WWNetworking.git",
      "state" : {
        "revision" : "df5c6fbb54c661e4669b624c5fd10f727a91302f",
        "version" : "1.7.3"
      }
    },
    {
      "identity" : "wwregularexpression",
      "kind" : "remoteSourceControl",
      "location" : "https://github.com/William-Weng/WWRegularExpression",
      "state" : {
        "revision" : "5bc5c03259ed28b4c5c6899458fde6ac4d665794",
        "version" : "1.0.1"
      }
    },
    {
      "identity" : "wwsimpleollamaai",
      "kind" : "remoteSourceControl",
      "location" : "https://github.com/William-Weng/WWSimpleOllamaAI",
      "state" : {
        "revision" : "fd2e20a8604d8d4f9bd9ff0b3e38f3260f93fdd4",
        "version" : "0.5.2"
      }
    }
  ],
  "version" : 3
}
